{
  "name": "shared-types",
  "lockfileVersion": 2,
  "requires": true,
  "packages": {
    "": {
      "devDependencies": {
        "@types/parse": "^3.0.9"
      },
      "peerDependencies": {
        "parse": "^4.3.1"
      }
    },
    "node_modules/@babel/runtime-corejs3": {
      "version": "7.23.2",
      "resolved": "https://registry.npmjs.org/@babel/runtime-corejs3/-/runtime-corejs3-7.23.2.tgz",
      "integrity": "sha512-54cIh74Z1rp4oIjsHjqN+WM4fMyCBYe+LpZ9jWm51CZ1fbH3SkAzQD/3XLoNkjbJ7YEmjobLXyvQrFypRHOrXw==",
      "peer": true,
      "dependencies": {
        "core-js-pure": "^3.30.2",
        "regenerator-runtime": "^0.14.0"
      },
      "engines": {
        "node": ">=6.9.0"
      }
    },
    "node_modules/@types/node": {
      "version": "20.14.8",
      "resolved": "https://registry.npmjs.org/@types/node/-/node-20.14.8.tgz",
      "integrity": "sha512-DO+2/jZinXfROG7j7WKFn/3C6nFwxy2lLpgLjEXJz+0XKphZlTLJ14mo8Vfg8X5BWN6XjyESXq+LcYdT7tR3bA==",
      "dev": true,
      "dependencies": {
        "undici-types": "~5.26.4"
      }
    },
    "node_modules/@types/parse": {
      "version": "3.0.9",
      "resolved": "https://registry.npmjs.org/@types/parse/-/parse-3.0.9.tgz",
      "integrity": "sha512-DGTHygc7krgmNAK8h42giwmAofCd9uv2++RD+zw6OmWI7AEnlTYZwEuWsx22SA2CSMQrZW8P2INHLpQbnQFUng==",
      "dev": true,
      "dependencies": {
        "@types/node": "*"
      }
    },
    "node_modules/core-js-pure": {
      "version": "3.37.1",
      "resolved": "https://registry.npmjs.org/core-js-pure/-/core-js-pure-3.37.1.tgz",
      "integrity": "sha512-J/r5JTHSmzTxbiYYrzXg9w1VpqrYt+gexenBE9pugeyhwPZTAEJddyiReJWsLO6uNQ8xJZFbod6XC7KKwatCiA==",
      "hasInstallScript": true,
      "peer": true,
      "funding": {
        "type": "opencollective",
        "url": "https://opencollective.com/core-js"
      }
    },
    "node_modules/crypto-js": {
      "version": "4.2.0",
      "resolved": "https://registry.npmjs.org/crypto-js/-/crypto-js-4.2.0.tgz",
      "integrity": "sha512-KALDyEYgpY+Rlob/iriUtjV6d5Eq+Y191A5g4UqLAi8CyGP9N1+FdVbkc1SxKc2r4YAYqG8JzO2KGL+AizD70Q==",
      "optional": true,
      "peer": true
    },
    "node_modules/idb-keyval": {
      "version": "6.2.1",
      "resolved": "https://registry.npmjs.org/idb-keyval/-/idb-keyval-6.2.1.tgz",
      "integrity": "sha512-8Sb3veuYCyrZL+VBt9LJfZjLUPWVvqn8tG28VqYNFCo43KHcKuq+b4EiXGeuaLAQWL2YmyDgMp2aSpH9JHsEQg==",
      "peer": true
    },
    "node_modules/parse": {
      "version": "4.3.1",
      "resolved": "https://registry.npmjs.org/parse/-/parse-4.3.1.tgz",
      "integrity": "sha512-ypLPhMPFsJY+C2MXg6HdrVu6ielsL+kUjcSqh7J01lPC5oBuLh70F9YMQSw51QBocEeMSVgB7eUorFOH+MkVpA==",
      "peer": true,
      "dependencies": {
        "@babel/runtime-corejs3": "7.23.2",
        "idb-keyval": "6.2.1",
        "react-native-crypto-js": "1.0.0",
        "uuid": "9.0.1",
        "ws": "8.13.0",
        "xmlhttprequest": "1.8.0"
      },
      "engines": {
        "node": ">=14.21.0 <17 || >=18 <20"
      },
      "optionalDependencies": {
        "crypto-js": "4.2.0"
      }
    },
    "node_modules/react-native-crypto-js": {
      "version": "1.0.0",
      "resolved": "https://registry.npmjs.org/react-native-crypto-js/-/react-native-crypto-js-1.0.0.tgz",
      "integrity": "sha512-FNbLuG/HAdapQoybeZSoes1PWdOj0w242gb+e1R0hicf3Gyj/Mf8M9NaED2AnXVOX01b2FXomwUiw1xP1K+8sA==",
      "peer": true
    },
    "node_modules/regenerator-runtime": {
      "version": "0.14.1",
      "resolved": "https://registry.npmjs.org/regenerator-runtime/-/regenerator-runtime-0.14.1.tgz",
      "integrity": "sha512-dYnhHh0nJoMfnkZs6GmmhFknAGRrLznOu5nc9ML+EJxGvrx6H7teuevqVqCuPcPK//3eDrrjQhehXVx9cnkGdw==",
      "peer": true
    },
    "node_modules/undici-types": {
      "version": "5.26.5",
      "resolved": "https://registry.npmjs.org/undici-types/-/undici-types-5.26.5.tgz",
      "integrity": "sha512-JlCMO+ehdEIKqlFxk6IfVoAUVmgz7cU7zD/h9XZ0qzeosSHmUJVOzSQvvYSYWXkFXC+IfLKSIffhv0sVZup6pA==",
      "dev": true
    },
    "node_modules/uuid": {
      "version": "9.0.1",
      "resolved": "https://registry.npmjs.org/uuid/-/uuid-9.0.1.tgz",
      "integrity": "sha512-b+1eJOlsR9K8HJpow9Ok3fiWOWSIcIzXodvv0rQjVoOVNpWMpxf1wZNpt4y9h10odCNrqnYp1OBzRktckBe3sA==",
      "funding": [
        "https://github.com/sponsors/broofa",
        "https://github.com/sponsors/ctavan"
      ],
      "peer": true,
      "bin": {
        "uuid": "dist/bin/uuid"
      }
    },
    "node_modules/ws": {
      "version": "8.13.0",
      "resolved": "https://registry.npmjs.org/ws/-/ws-8.13.0.tgz",
      "integrity": "sha512-x9vcZYTrFPC7aSIbj7sRCYo7L/Xb8Iy+pW0ng0wt2vCJv7M9HOMy0UoN3rr+IFC7hb7vXoqS+P9ktyLLLhO+LA==",
      "peer": true,
      "engines": {
        "node": ">=10.0.0"
      },
      "peerDependencies": {
        "bufferutil": "^4.0.1",
        "utf-8-validate": ">=5.0.2"
      },
      "peerDependenciesMeta": {
        "bufferutil": {
          "optional": true
        },
        "utf-8-validate": {
          "optional": true
        }
      }
    },
    "node_modules/xmlhttprequest": {
      "version": "1.8.0",
      "resolved": "https://registry.npmjs.org/xmlhttprequest/-/xmlhttprequest-1.8.0.tgz",
      "integrity": "sha512-58Im/U0mlVBLM38NdZjHyhuMtCqa61469k2YP/AaPbvCoV9aQGUpbJBj1QRm2ytRiVQBD/fsw7L2bJGDVQswBA==",
      "peer": true,
      "engines": {
        "node": ">=0.4.0"
      }
    }
  },
  "dependencies": {
    "@babel/runtime-corejs3": {
      "version": "7.23.2",
      "resolved": "https://registry.npmjs.org/@babel/runtime-corejs3/-/runtime-corejs3-7.23.2.tgz",
      "integrity": "sha512-54cIh74Z1rp4oIjsHjqN+WM4fMyCBYe+LpZ9jWm51CZ1fbH3SkAzQD/3XLoNkjbJ7YEmjobLXyvQrFypRHOrXw==",
      "peer": true,
      "requires": {
        "core-js-pure": "^3.30.2",
        "regenerator-runtime": "^0.14.0"
      }
    },
    "@types/node": {
      "version": "20.14.8",
      "resolved": "https://registry.npmjs.org/@types/node/-/node-20.14.8.tgz",
      "integrity": "sha512-DO+2/jZinXfROG7j7WKFn/3C6nFwxy2lLpgLjEXJz+0XKphZlTLJ14mo8Vfg8X5BWN6XjyESXq+LcYdT7tR3bA==",
      "dev": true,
      "requires": {
        "undici-types": "~5.26.4"
      }
    },
    "@types/parse": {
      "version": "3.0.9",
      "resolved": "https://registry.npmjs.org/@types/parse/-/parse-3.0.9.tgz",
      "integrity": "sha512-DGTHygc7krgmNAK8h42giwmAofCd9uv2++RD+zw6OmWI7AEnlTYZwEuWsx22SA2CSMQrZW8P2INHLpQbnQFUng==",
      "dev": true,
      "requires": {
        "@types/node": "*"
      }
    },
    "core-js-pure": {
      "version": "3.37.1",
      "resolved": "https://registry.npmjs.org/core-js-pure/-/core-js-pure-3.37.1.tgz",
      "integrity": "sha512-J/r5JTHSmzTxbiYYrzXg9w1VpqrYt+gexenBE9pugeyhwPZTAEJddyiReJWsLO6uNQ8xJZFbod6XC7KKwatCiA==",
      "peer": true
    },
    "crypto-js": {
      "version": "4.2.0",
      "resolved": "https://registry.npmjs.org/crypto-js/-/crypto-js-4.2.0.tgz",
      "integrity": "sha512-KALDyEYgpY+Rlob/iriUtjV6d5Eq+Y191A5g4UqLAi8CyGP9N1+FdVbkc1SxKc2r4YAYqG8JzO2KGL+AizD70Q==",
      "optional": true,
      "peer": true
    },
    "idb-keyval": {
      "version": "6.2.1",
      "resolved": "https://registry.npmjs.org/idb-keyval/-/idb-keyval-6.2.1.tgz",
      "integrity": "sha512-8Sb3veuYCyrZL+VBt9LJfZjLUPWVvqn8tG28VqYNFCo43KHcKuq+b4EiXGeuaLAQWL2YmyDgMp2aSpH9JHsEQg==",
      "peer": true
    },
    "parse": {
      "version": "4.3.1",
      "resolved": "https://registry.npmjs.org/parse/-/parse-4.3.1.tgz",
      "integrity": "sha512-ypLPhMPFsJY+C2MXg6HdrVu6ielsL+kUjcSqh7J01lPC5oBuLh70F9YMQSw51QBocEeMSVgB7eUorFOH+MkVpA==",
      "peer": true,
      "requires": {
        "@babel/runtime-corejs3": "7.23.2",
        "crypto-js": "4.2.0",
        "idb-keyval": "6.2.1",
        "react-native-crypto-js": "1.0.0",
        "uuid": "9.0.1",
        "ws": "8.13.0",
        "xmlhttprequest": "1.8.0"
      }
    },
    "react-native-crypto-js": {
      "version": "1.0.0",
      "resolved": "https://registry.npmjs.org/react-native-crypto-js/-/react-native-crypto-js-1.0.0.tgz",
      "integrity": "sha512-FNbLuG/HAdapQoybeZSoes1PWdOj0w242gb+e1R0hicf3Gyj/Mf8M9NaED2AnXVOX01b2FXomwUiw1xP1K+8sA==",
      "peer": true
    },
    "regenerator-runtime": {
      "version": "0.14.1",
      "resolved": "https://registry.npmjs.org/regenerator-runtime/-/regenerator-runtime-0.14.1.tgz",
      "integrity": "sha512-dYnhHh0nJoMfnkZs6GmmhFknAGRrLznOu5nc9ML+EJxGvrx6H7teuevqVqCuPcPK//3eDrrjQhehXVx9cnkGdw==",
      "peer": true
    },
    "undici-types": {
      "version": "5.26.5",
      "resolved": "https://registry.npmjs.org/undici-types/-/undici-types-5.26.5.tgz",
      "integrity": "sha512-JlCMO+ehdEIKqlFxk6IfVoAUVmgz7cU7zD/h9XZ0qzeosSHmUJVOzSQvvYSYWXkFXC+IfLKSIffhv0sVZup6pA==",
      "dev": true
    },
    "uuid": {
      "version": "9.0.1",
      "resolved": "https://registry.npmjs.org/uuid/-/uuid-9.0.1.tgz",
      "integrity": "sha512-b+1eJOlsR9K8HJpow9Ok3fiWOWSIcIzXodvv0rQjVoOVNpWMpxf1wZNpt4y9h10odCNrqnYp1OBzRktckBe3sA==",
      "peer": true
    },
    "ws": {
      "version": "8.13.0",
      "resolved": "https://registry.npmjs.org/ws/-/ws-8.13.0.tgz",
      "integrity": "sha512-x9vcZYTrFPC7aSIbj7sRCYo7L/Xb8Iy+pW0ng0wt2vCJv7M9HOMy0UoN3rr+IFC7hb7vXoqS+P9ktyLLLhO+LA==",
      "peer": true,
      "requires": {}
    },
    "xmlhttprequest": {
      "version": "1.8.0",
      "resolved": "https://registry.npmjs.org/xmlhttprequest/-/xmlhttprequest-1.8.0.tgz",
      "integrity": "sha512-58Im/U0mlVBLM38NdZjHyhuMtCqa61469k2YP/AaPbvCoV9aQGUpbJBj1QRm2ytRiVQBD/fsw7L2bJGDVQswBA==",
      "peer": true
    }
  }
}
